
Microsoft Visual Studio Solution File, Format Version 12.00
# Visual Studio Version 16
VisualStudioVersion = 16.0.29009.5
MinimumVisualStudioVersion = 10.0.40219.1
Project("{9A19103F-16F7-4668-BE54-9A1E7A4F7556}") = "bt2", "bt2-oop\bt2.csproj", "{BD120739-66CB-44A5-9264-5F377F85966C}"
EndProject
Project("{FAE04EC0-301F-11D3-BF4B-00C04F79EFBC}") = "bt1", "bt1\bt1.csproj", "{2B849584-BBC8-4496-BEA7-5CD6E1A701C3}"
EndProject
Project("{FAE04EC0-301F-11D3-BF4B-00C04F79EFBC}") = "bt3", "bt3\bt3.csproj", "{1C4C7DFA-B6A2-44A7-BAD9-7739FC905190}"
EndProject
Global
	GlobalSection(SolutionConfigurationPlatforms) = preSolution
		Debug|Any CPU = Debug|Any CPU
		Release|Any CPU = Release|Any CPU
	EndGlobalSection
	GlobalSection(ProjectConfigurationPlatforms) = postSolution
		{BD120739-66CB-44A5-9264-5F377F85966C}.Debug|Any CPU.ActiveCfg = Debug|Any CPU
		{BD120739-66CB-44A5-9264-5F377F85966C}.Debug|Any CPU.Build.0 = Debug|Any CPU
		{BD120739-66CB-44A5-9264-5F377F85966C}.Release|Any CPU.ActiveCfg = Release|Any CPU
		{BD120739-66CB-44A5-9264-5F377F85966C}.Release|Any CPU.Build.0 = Release|Any CPU
		{2B849584-BBC8-4496-BEA7-5CD6E1A701C3}.Debug|Any CPU.ActiveCfg = Debug|Any CPU
		{2B849584-BBC8-4496-BEA7-5CD6E1A701C3}.Debug|Any CPU.Build.0 = Debug|Any CPU
		{2B849584-BBC8-4496-BEA7-5CD6E1A701C3}.Release|Any CPU.ActiveCfg = Release|Any CPU
		{2B849584-BBC8-4496-BEA7-5CD6E1A701C3}.Release|Any CPU.Build.0 = Release|Any CPU
		{1C4C7DFA-B6A2-44A7-BAD9-7739FC905190}.Debug|Any CPU.ActiveCfg = Debug|Any CPU
		{1C4C7DFA-B6A2-44A7-BAD9-7739FC905190}.Debug|Any CPU.Build.0 = Debug|Any CPU
		{1C4C7DFA-B6A2-44A7-BAD9-7739FC905190}.Release|Any CPU.ActiveCfg = Release|Any CPU
		{1C4C7DFA-B6A2-44A7-BAD9-7739FC905190}.Release|Any CPU.Build.0 = Release|Any CPU
	EndGlobalSection
	GlobalSection(SolutionProperties) = preSolution
		HideSolutionNode = FALSE
	EndGlobalSection
	GlobalSection(ExtensibilityGlobals) = postSolution
		SolutionGuid = {BE76240B-2F59-4388-BB8E-B6C41A56B016}
	EndGlobalSection
EndGlobal
